
Microsoft Visual Studio Solution File, Format Version 12.00
# Visual Studio Version 16
VisualStudioVersion = 16.0.29613.14
MinimumVisualStudioVersion = 10.0.40219.1
Project("{8BC9CEB8-8B4A-11D0-8D11-00A0C91BC942}") = "BJ_1912", "BJ_1912.vcxproj", "{6DACB01C-D277-40D3-9555-934158660877}"
EndProject
Global
	GlobalSection(SolutionConfigurationPlatforms) = preSolution
		Debug|x64 = Debug|x64
		Debug|x86 = Debug|x86
		Release|x64 = Release|x64
		Release|x86 = Release|x86
	EndGlobalSection
	GlobalSection(ProjectConfigurationPlatforms) = postSolution
		{6DACB01C-D277-40D3-9555-934158660877}.Debug|x64.ActiveCfg = Debug|x64
		{6DACB01C-D277-40D3-9555-934158660877}.Debug|x64.Build.0 = Debug|x64
		{6DACB01C-D277-40D3-9555-934158660877}.Debug|x86.ActiveCfg = Debug|Win32
		{6DACB01C-D277-40D3-9555-934158660877}.Debug|x86.Build.0 = Debug|Win32
		{6DACB01C-D277-40D3-9555-934158660877}.Release|x64.ActiveCfg = Release|x64
		{6DACB01C-D277-40D3-9555-934158660877}.Release|x64.Build.0 = Release|x64
		{6DACB01C-D277-40D3-9555-934158660877}.Release|x86.ActiveCfg = Release|Win32
		{6DACB01C-D277-40D3-9555-934158660877}.Release|x86.Build.0 = Release|Win32
	EndGlobalSection
	GlobalSection(SolutionProperties) = preSolution
		HideSolutionNode = FALSE
	EndGlobalSection
	GlobalSection(ExtensibilityGlobals) = postSolution
		SolutionGuid = {6FF0B294-434C-4E8E-87DC-8FE2C3B63803}
	EndGlobalSection
EndGlobal
