
Microsoft Visual Studio Solution File, Format Version 12.00
# Visual Studio Version 16
VisualStudioVersion = 16.0.29613.14
MinimumVisualStudioVersion = 10.0.40219.1
Project("{8BC9CEB8-8B4A-11D0-8D11-00A0C91BC942}") = "BJ_9461", "BJ_9461.vcxproj", "{5B536A9F-3562-4344-9A66-AAF64FBDF195}"
EndProject
Global
	GlobalSection(SolutionConfigurationPlatforms) = preSolution
		Debug|x64 = Debug|x64
		Debug|x86 = Debug|x86
		Release|x64 = Release|x64
		Release|x86 = Release|x86
	EndGlobalSection
	GlobalSection(ProjectConfigurationPlatforms) = postSolution
		{5B536A9F-3562-4344-9A66-AAF64FBDF195}.Debug|x64.ActiveCfg = Debug|x64
		{5B536A9F-3562-4344-9A66-AAF64FBDF195}.Debug|x64.Build.0 = Debug|x64
		{5B536A9F-3562-4344-9A66-AAF64FBDF195}.Debug|x86.ActiveCfg = Debug|Win32
		{5B536A9F-3562-4344-9A66-AAF64FBDF195}.Debug|x86.Build.0 = Debug|Win32
		{5B536A9F-3562-4344-9A66-AAF64FBDF195}.Release|x64.ActiveCfg = Release|x64
		{5B536A9F-3562-4344-9A66-AAF64FBDF195}.Release|x64.Build.0 = Release|x64
		{5B536A9F-3562-4344-9A66-AAF64FBDF195}.Release|x86.ActiveCfg = Release|Win32
		{5B536A9F-3562-4344-9A66-AAF64FBDF195}.Release|x86.Build.0 = Release|Win32
	EndGlobalSection
	GlobalSection(SolutionProperties) = preSolution
		HideSolutionNode = FALSE
	EndGlobalSection
	GlobalSection(ExtensibilityGlobals) = postSolution
		SolutionGuid = {E5DD3276-1424-4A34-A622-CEE87A9A62EC}
	EndGlobalSection
EndGlobal
