
Microsoft Visual Studio Solution File, Format Version 12.00
# Visual Studio Version 16
VisualStudioVersion = 16.0.29613.14
MinimumVisualStudioVersion = 10.0.40219.1
Project("{8BC9CEB8-8B4A-11D0-8D11-00A0C91BC942}") = "BJ_14501", "BJ_14501.vcxproj", "{879DD3F6-593F-4BF7-9254-22B380C85C77}"
EndProject
Global
	GlobalSection(SolutionConfigurationPlatforms) = preSolution
		Debug|x64 = Debug|x64
		Debug|x86 = Debug|x86
		Release|x64 = Release|x64
		Release|x86 = Release|x86
	EndGlobalSection
	GlobalSection(ProjectConfigurationPlatforms) = postSolution
		{879DD3F6-593F-4BF7-9254-22B380C85C77}.Debug|x64.ActiveCfg = Debug|x64
		{879DD3F6-593F-4BF7-9254-22B380C85C77}.Debug|x64.Build.0 = Debug|x64
		{879DD3F6-593F-4BF7-9254-22B380C85C77}.Debug|x86.ActiveCfg = Debug|Win32
		{879DD3F6-593F-4BF7-9254-22B380C85C77}.Debug|x86.Build.0 = Debug|Win32
		{879DD3F6-593F-4BF7-9254-22B380C85C77}.Release|x64.ActiveCfg = Release|x64
		{879DD3F6-593F-4BF7-9254-22B380C85C77}.Release|x64.Build.0 = Release|x64
		{879DD3F6-593F-4BF7-9254-22B380C85C77}.Release|x86.ActiveCfg = Release|Win32
		{879DD3F6-593F-4BF7-9254-22B380C85C77}.Release|x86.Build.0 = Release|Win32
	EndGlobalSection
	GlobalSection(SolutionProperties) = preSolution
		HideSolutionNode = FALSE
	EndGlobalSection
	GlobalSection(ExtensibilityGlobals) = postSolution
		SolutionGuid = {5B35FD8C-7125-40D5-9FF1-9CA8C66F627F}
	EndGlobalSection
EndGlobal
